{
  "version": 4,
  "terraform_version": "1.5.7",
  "serial": 52,
  "lineage": "28c152e0-a60f-2e73-d533-02d7eb0dac37",
  "outputs": {
    "vpc_name": {
      "value": "prod-vpc",
      "type": "string"
    }
  },
  "resources": [
    {
      "mode": "managed",
      "type": "google_cloud_run_service",
      "name": "web",
      "provider": "provider[\"registry.terraform.io/hashicorp/google\"]",
      "instances": [
        {
          "schema_version": 2,
          "attributes": {
            "autogenerate_revision_name": false,
            "id": "locations/us-central1/namespaces/plasma-moment-484922-t5/services/web-service",
            "location": "us-central1",
            "metadata": [
              {
                "annotations": {},
                "effective_annotations": {
                  "run.googleapis.com/ingress": "all",
                  "run.googleapis.com/ingress-status": "all",
                  "run.googleapis.com/maxScale": "20",
                  "run.googleapis.com/operation-id": "1ca4aa4a-cf9d-4a9b-b28e-e3496145e893",
                  "run.googleapis.com/urls": "[\"https://web-service-1051185513493.us-central1.run.app\",\"https://web-service-47fyzwdt5a-uc.a.run.app\"]",
                  "serving.knative.dev/creator": "Sapkota30@gmail.com",
                  "serving.knative.dev/lastModifier": "Sapkota30@gmail.com"
                },
                "effective_labels": {
                  "cloud.googleapis.com/location": "us-central1"
                },
                "generation": 1,
                "labels": {},
                "namespace": "plasma-moment-484922-t5",
                "resource_version": "AAZJBFSbKwQ",
                "self_link": "/apis/serving.knative.dev/v1/namespaces/1051185513493/services/web-service",
                "terraform_labels": {},
                "uid": "f07a6517-5da6-46e2-ae11-7d8f46bc8e11"
              }
            ],
            "name": "web-service",
            "project": "plasma-moment-484922-t5",
            "status": [
              {
                "conditions": [
                  {
                    "message": "",
                    "reason": "",
                    "status": "True",
                    "type": "Ready"
                  },
                  {
                    "message": "",
                    "reason": "",
                    "status": "True",
                    "type": "ConfigurationsReady"
                  },
                  {
                    "message": "",
                    "reason": "",
                    "status": "True",
                    "type": "RoutesReady"
                  }
                ],
                "latest_created_revision_name": "web-service-00001-8s6",
                "latest_ready_revision_name": "web-service-00001-8s6",
                "observed_generation": 1,
                "traffic": [
                  {
                    "latest_revision": true,
                    "percent": 100,
                    "revision_name": "web-service-00001-8s6",
                    "tag": "",
                    "url": ""
                  }
                ],
                "url": "https://web-service-47fyzwdt5a-uc.a.run.app"
              }
            ],
            "template": [
              {
                "metadata": [
                  {
                    "annotations": {
                      "run.googleapis.com/vpc-access-connector": "projects/plasma-moment-484922-t5/locations/us-central1/connectors/cr-connector",
                      "run.googleapis.com/vpc-access-egress": "all-traffic"
                    },
                    "generation": 0,
                    "labels": {
                      "run.googleapis.com/startupProbeType": "Default"
                    },
                    "name": "",
                    "namespace": "",
                    "resource_version": "",
                    "self_link": "",
                    "uid": ""
                  }
                ],
                "spec": [
                  {
                    "container_concurrency": 80,
                    "containers": [
                      {
                        "args": [],
                        "command": [],
                        "env": [],
                        "env_from": [],
                        "image": "gcr.io/cloudrun/hello",
                        "liveness_probe": [],
                        "name": "",
                        "ports": [
                          {
                            "container_port": 8080,
                            "name": "http1",
                            "protocol": ""
                          }
                        ],
                        "resources": [
                          {
                            "limits": {
                              "cpu": "1000m",
                              "memory": "512Mi"
                            },
                            "requests": {}
                          }
                        ],
                        "startup_probe": [
                          {
                            "failure_threshold": 1,
                            "grpc": [],
                            "http_get": [],
                            "initial_delay_seconds": 0,
                            "period_seconds": 240,
                            "tcp_socket": [
                              {
                                "port": 8080
                              }
                            ],
                            "timeout_seconds": 240
                          }
                        ],
                        "volume_mounts": [],
                        "working_dir": ""
                      }
                    ],
                    "service_account_name": "1051185513493-compute@developer.gserviceaccount.com",
                    "serving_state": "",
                    "timeout_seconds": 300,
                    "volumes": []
                  }
                ]
              }
            ],
            "timeouts": null,
            "traffic": [
              {
                "latest_revision": true,
                "percent": 100,
                "revision_name": "",
                "tag": "",
                "url": ""
              }
            ]
          },
          "sensitive_attributes": [],
          "private": "eyJlMmJmYjczMC1lY2FhLTExZTYtOGY4OC0zNDM2M2JjN2M0YzAiOnsiY3JlYXRlIjoxMjAwMDAwMDAwMDAwLCJkZWxldGUiOjEyMDAwMDAwMDAwMDAsInVwZGF0ZSI6MTIwMDAwMDAwMDAwMH0sInNjaGVtYV92ZXJzaW9uIjoiMiJ9",
          "dependencies": [
            "google_compute_network.vpc",
            "google_vpc_access_connector.connector"
          ]
        }
      ]
    },
    {
      "mode": "managed",
      "type": "google_compute_backend_service",
      "name": "lb_backend",
      "provider": "provider[\"registry.terraform.io/hashicorp/google\"]",
      "instances": [
        {
          "schema_version": 1,
          "attributes": {
            "affinity_cookie_ttl_sec": 0,
            "backend": [
              {
                "balancing_mode": "UTILIZATION",
                "capacity_scaler": 1,
                "description": "",
                "group": "https://www.googleapis.com/compute/v1/projects/plasma-moment-484922-t5/regions/us-central1/networkEndpointGroups/gcp3-https-lb-neg",
                "max_connections": 0,
                "max_connections_per_endpoint": 0,
                "max_connections_per_instance": 0,
                "max_rate": 0,
                "max_rate_per_endpoint": 0,
                "max_rate_per_instance": 0,
                "max_utilization": 0
              }
            ],
            "cdn_policy": [],
            "circuit_breakers": [],
            "compression_mode": "",
            "connection_draining_timeout_sec": 300,
            "consistent_hash": [],
            "creation_timestamp": "2026-01-22T19:00:23.568-08:00",
            "custom_request_headers": null,
            "custom_response_headers": null,
            "description": "",
            "edge_security_policy": "",
            "enable_cdn": false,
            "fingerprint": "0Z2lhHynLv4=",
            "generated_id": 6930864779625978536,
            "health_checks": null,
            "iap": [],
            "id": "projects/plasma-moment-484922-t5/global/backendServices/gcp3-https-lb-backend",
            "load_balancing_scheme": "EXTERNAL_MANAGED",
            "locality_lb_policies": [],
            "locality_lb_policy": "",
            "log_config": [],
            "name": "gcp3-https-lb-backend",
            "outlier_detection": [],
            "port_name": "http",
            "project": "plasma-moment-484922-t5",
            "protocol": "HTTP",
            "security_policy": "",
            "security_settings": [],
            "self_link": "https://www.googleapis.com/compute/v1/projects/plasma-moment-484922-t5/global/backendServices/gcp3-https-lb-backend",
            "service_lb_policy": "",
            "session_affinity": "NONE",
            "timeout_sec": 30,
            "timeouts": null
          },
          "sensitive_attributes": [],
          "private": "eyJlMmJmYjczMC1lY2FhLTExZTYtOGY4OC0zNDM2M2JjN2M0YzAiOnsiY3JlYXRlIjoxMjAwMDAwMDAwMDAwLCJkZWxldGUiOjEyMDAwMDAwMDAwMDAsInVwZGF0ZSI6MTIwMDAwMDAwMDAwMH0sInNjaGVtYV92ZXJzaW9uIjoiMSJ9",
          "dependencies": [
            "google_cloud_run_service.web",
            "google_compute_region_network_endpoint_group.cloudrun_neg"
          ]
        }
      ]
    },
    {
      "mode": "managed",
      "type": "google_compute_firewall",
      "name": "internal",
      "provider": "provider[\"registry.terraform.io/hashicorp/google\"]",
      "instances": [
        {
          "schema_version": 1,
          "attributes": {
            "allow": [
              {
                "ports": [
                  "0-65535"
                ],
                "protocol": "tcp"
              }
            ],
            "creation_timestamp": "2026-01-20T21:31:42.207-08:00",
            "deny": [],
            "description": "",
            "destination_ranges": [],
            "direction": "INGRESS",
            "disabled": false,
            "enable_logging": null,
            "id": "projects/plasma-moment-484922-t5/global/firewalls/allow-internal",
            "log_config": [],
            "name": "allow-internal",
            "network": "https://www.googleapis.com/compute/v1/projects/plasma-moment-484922-t5/global/networks/prod-vpc",
            "priority": 1000,
            "project": "plasma-moment-484922-t5",
            "self_link": "https://www.googleapis.com/compute/v1/projects/plasma-moment-484922-t5/global/firewalls/allow-internal",
            "source_ranges": [
              "10.10.0.0/16"
            ],
            "source_service_accounts": [],
            "source_tags": [],
            "target_service_accounts": [],
            "target_tags": [],
            "timeouts": null
          },
          "sensitive_attributes": [],
          "private": "eyJlMmJmYjczMC1lY2FhLTExZTYtOGY4OC0zNDM2M2JjN2M0YzAiOnsiY3JlYXRlIjoxMjAwMDAwMDAwMDAwLCJkZWxldGUiOjEyMDAwMDAwMDAwMDAsInVwZGF0ZSI6MTIwMDAwMDAwMDAwMH0sInNjaGVtYV92ZXJzaW9uIjoiMSJ9",
          "dependencies": [
            "google_compute_network.vpc"
          ]
        }
      ]
    },
    {
      "mode": "managed",
      "type": "google_compute_global_address",
      "name": "lb_ip",
      "provider": "provider[\"registry.terraform.io/hashicorp/google\"]",
      "instances": [
        {
          "schema_version": 0,
          "attributes": {
            "address": "34.8.171.155",
            "address_type": "EXTERNAL",
            "creation_timestamp": "2026-01-22T19:00:23.476-08:00",
            "description": "",
            "effective_labels": {},
            "id": "projects/plasma-moment-484922-t5/global/addresses/gcp3-lb-ip",
            "ip_version": "",
            "label_fingerprint": "42WmSpB8rSM=",
            "labels": null,
            "name": "gcp3-lb-ip",
            "network": "",
            "prefix_length": 0,
            "project": "plasma-moment-484922-t5",
            "purpose": "",
            "self_link": "https://www.googleapis.com/compute/v1/projects/plasma-moment-484922-t5/global/addresses/gcp3-lb-ip",
            "terraform_labels": {},
            "timeouts": null
          },
          "sensitive_attributes": [],
          "private": "eyJlMmJmYjczMC1lY2FhLTExZTYtOGY4OC0zNDM2M2JjN2M0YzAiOnsiY3JlYXRlIjoxMjAwMDAwMDAwMDAwLCJkZWxldGUiOjEyMDAwMDAwMDAwMDAsInVwZGF0ZSI6MTIwMDAwMDAwMDAwMH19"
        }
      ]
    },
    {
      "mode": "managed",
      "type": "google_compute_global_address",
      "name": "private_service_range",
      "provider": "provider[\"registry.terraform.io/hashicorp/google\"]",
      "instances": [
        {
          "schema_version": 0,
          "attributes": {
            "address": "10.62.0.0",
            "address_type": "INTERNAL",
            "creation_timestamp": "2026-01-22T17:06:48.487-08:00",
            "description": "",
            "effective_labels": {},
            "id": "projects/plasma-moment-484922-t5/global/addresses/private-service-range",
            "ip_version": "",
            "label_fingerprint": "42WmSpB8rSM=",
            "labels": {},
            "name": "private-service-range",
            "network": "https://www.googleapis.com/compute/v1/projects/plasma-moment-484922-t5/global/networks/prod-vpc",
            "prefix_length": 16,
            "project": "plasma-moment-484922-t5",
            "purpose": "VPC_PEERING",
            "self_link": "https://www.googleapis.com/compute/v1/projects/plasma-moment-484922-t5/global/addresses/private-service-range",
            "terraform_labels": {},
            "timeouts": null
          },
          "sensitive_attributes": [],
          "private": "eyJlMmJmYjczMC1lY2FhLTExZTYtOGY4OC0zNDM2M2JjN2M0YzAiOnsiY3JlYXRlIjoxMjAwMDAwMDAwMDAwLCJkZWxldGUiOjEyMDAwMDAwMDAwMDAsInVwZGF0ZSI6MTIwMDAwMDAwMDAwMH19",
          "dependencies": [
            "google_compute_network.vpc"
          ]
        }
      ]
    },
    {
      "mode": "managed",
      "type": "google_compute_global_forwarding_rule",
      "name": "lb_forwarding_rule",
      "provider": "provider[\"registry.terraform.io/hashicorp/google\"]",
      "instances": [
        {
          "schema_version": 0,
          "attributes": {
            "base_forwarding_rule": "",
            "description": "",
            "effective_labels": {},
            "id": "projects/plasma-moment-484922-t5/global/forwardingRules/gcp3-https-lb-fwd-rule",
            "ip_address": "34.8.171.155",
            "ip_protocol": "TCP",
            "ip_version": "",
            "label_fingerprint": "42WmSpB8rSM=",
            "labels": null,
            "load_balancing_scheme": "EXTERNAL_MANAGED",
            "metadata_filters": [],
            "name": "gcp3-https-lb-fwd-rule",
            "network": "",
            "no_automate_dns_zone": null,
            "port_range": "443-443",
            "project": "plasma-moment-484922-t5",
            "psc_connection_id": "",
            "psc_connection_status": "",
            "self_link": "https://www.googleapis.com/compute/v1/projects/plasma-moment-484922-t5/global/forwardingRules/gcp3-https-lb-fwd-rule",
            "service_directory_registrations": [],
            "source_ip_ranges": null,
            "subnetwork": "",
            "target": "https://www.googleapis.com/compute/v1/projects/plasma-moment-484922-t5/global/targetHttpsProxies/gcp3-https-lb-https-proxy",
            "terraform_labels": {},
            "timeouts": null
          },
          "sensitive_attributes": [],
          "private": "eyJlMmJmYjczMC1lY2FhLTExZTYtOGY4OC0zNDM2M2JjN2M0YzAiOnsiY3JlYXRlIjoxMjAwMDAwMDAwMDAwLCJkZWxldGUiOjEyMDAwMDAwMDAwMDAsInVwZGF0ZSI6MTIwMDAwMDAwMDAwMH19",
          "dependencies": [
            "google_cloud_run_service.web",
            "google_compute_backend_service.lb_backend",
            "google_compute_global_address.lb_ip",
            "google_compute_managed_ssl_certificate.lb_cert",
            "google_compute_region_network_endpoint_group.cloudrun_neg",
            "google_compute_target_https_proxy.lb_https_proxy",
            "google_compute_url_map.lb_url_map"
          ]
        }
      ]
    },
    {
      "mode": "managed",
      "type": "google_compute_managed_ssl_certificate",
      "name": "lb_cert",
      "provider": "provider[\"registry.terraform.io/hashicorp/google\"]",
      "instances": [
        {
          "schema_version": 0,
          "attributes": {
            "certificate_id": 6216280473243441875,
            "creation_timestamp": "2026-01-22T19:00:12.463-08:00",
            "description": "",
            "expire_time": "",
            "id": "projects/plasma-moment-484922-t5/global/sslCertificates/gcp3-https-lb-cert",
            "managed": [
              {
                "domains": [
                  "app.spice505.com"
                ]
              }
            ],
            "name": "gcp3-https-lb-cert",
            "project": "plasma-moment-484922-t5",
            "self_link": "https://www.googleapis.com/compute/v1/projects/plasma-moment-484922-t5/global/sslCertificates/gcp3-https-lb-cert",
            "subject_alternative_names": [],
            "timeouts": null,
            "type": "MANAGED"
          },
          "sensitive_attributes": [],
          "private": "eyJlMmJmYjczMC1lY2FhLTExZTYtOGY4OC0zNDM2M2JjN2M0YzAiOnsiY3JlYXRlIjoxODAwMDAwMDAwMDAwLCJkZWxldGUiOjE4MDAwMDAwMDAwMDB9fQ=="
        }
      ]
    },
    {
      "mode": "managed",
      "type": "google_compute_network",
      "name": "vpc",
      "provider": "provider[\"registry.terraform.io/hashicorp/google\"]",
      "instances": [
        {
          "schema_version": 0,
          "attributes": {
            "auto_create_subnetworks": false,
            "delete_default_routes_on_create": false,
            "description": "",
            "enable_ula_internal_ipv6": false,
            "gateway_ipv4": "",
            "id": "projects/plasma-moment-484922-t5/global/networks/prod-vpc",
            "internal_ipv6_range": "",
            "mtu": 0,
            "name": "prod-vpc",
            "network_firewall_policy_enforcement_order": "AFTER_CLASSIC_FIREWALL",
            "numeric_id": "8183181345109695068",
            "project": "plasma-moment-484922-t5",
            "routing_mode": "REGIONAL",
            "self_link": "https://www.googleapis.com/compute/v1/projects/plasma-moment-484922-t5/global/networks/prod-vpc",
            "timeouts": null
          },
          "sensitive_attributes": [],
          "private": "eyJlMmJmYjczMC1lY2FhLTExZTYtOGY4OC0zNDM2M2JjN2M0YzAiOnsiY3JlYXRlIjoxMjAwMDAwMDAwMDAwLCJkZWxldGUiOjEyMDAwMDAwMDAwMDAsInVwZGF0ZSI6MTIwMDAwMDAwMDAwMH19"
        }
      ]
    },
    {
      "mode": "managed",
      "type": "google_compute_region_network_endpoint_group",
      "name": "cloudrun_neg",
      "provider": "provider[\"registry.terraform.io/hashicorp/google\"]",
      "instances": [
        {
          "schema_version": 0,
          "attributes": {
            "app_engine": [],
            "cloud_function": [],
            "cloud_run": [
              {
                "service": "web-service",
                "tag": "",
                "url_mask": ""
              }
            ],
            "description": "",
            "id": "projects/plasma-moment-484922-t5/regions/us-central1/networkEndpointGroups/gcp3-https-lb-neg",
            "name": "gcp3-https-lb-neg",
            "network": "",
            "network_endpoint_type": "SERVERLESS",
            "project": "plasma-moment-484922-t5",
            "psc_target_service": "",
            "region": "https://www.googleapis.com/compute/v1/projects/plasma-moment-484922-t5/regions/us-central1",
            "self_link": "https://www.googleapis.com/compute/v1/projects/plasma-moment-484922-t5/regions/us-central1/networkEndpointGroups/gcp3-https-lb-neg",
            "subnetwork": "",
            "timeouts": null
          },
          "sensitive_attributes": [],
          "private": "eyJlMmJmYjczMC1lY2FhLTExZTYtOGY4OC0zNDM2M2JjN2M0YzAiOnsiY3JlYXRlIjoxMjAwMDAwMDAwMDAwLCJkZWxldGUiOjEyMDAwMDAwMDAwMDB9fQ==",
          "dependencies": [
            "google_cloud_run_service.web"
          ]
        }
      ]
    },
    {
      "mode": "managed",
      "type": "google_compute_router",
      "name": "router",
      "provider": "provider[\"registry.terraform.io/hashicorp/google\"]",
      "instances": [
        {
          "schema_version": 0,
          "attributes": {
            "bgp": [],
            "creation_timestamp": "2026-01-20T21:31:42.400-08:00",
            "description": "",
            "encrypted_interconnect_router": false,
            "id": "projects/plasma-moment-484922-t5/regions/us-central1/routers/nat-router",
            "name": "nat-router",
            "network": "https://www.googleapis.com/compute/v1/projects/plasma-moment-484922-t5/global/networks/prod-vpc",
            "project": "plasma-moment-484922-t5",
            "region": "us-central1",
            "self_link": "https://www.googleapis.com/compute/v1/projects/plasma-moment-484922-t5/regions/us-central1/routers/nat-router",
            "timeouts": null
          },
          "sensitive_attributes": [],
          "private": "eyJlMmJmYjczMC1lY2FhLTExZTYtOGY4OC0zNDM2M2JjN2M0YzAiOnsiY3JlYXRlIjoxMjAwMDAwMDAwMDAwLCJkZWxldGUiOjEyMDAwMDAwMDAwMDAsInVwZGF0ZSI6MTIwMDAwMDAwMDAwMH19",
          "dependencies": [
            "google_compute_network.vpc"
          ]
        }
      ]
    },
    {
      "mode": "managed",
      "type": "google_compute_router_nat",
      "name": "nat",
      "provider": "provider[\"registry.terraform.io/hashicorp/google\"]",
      "instances": [
        {
          "schema_version": 0,
          "attributes": {
            "auto_network_tier": "PREMIUM",
            "drain_nat_ips": [],
            "enable_dynamic_port_allocation": false,
            "enable_endpoint_independent_mapping": false,
            "endpoint_types": [
              "ENDPOINT_TYPE_VM"
            ],
            "icmp_idle_timeout_sec": 30,
            "id": "plasma-moment-484922-t5/us-central1/nat-router/cloud-nat",
            "log_config": [],
            "max_ports_per_vm": 0,
            "min_ports_per_vm": 0,
            "name": "cloud-nat",
            "nat_ip_allocate_option": "AUTO_ONLY",
            "nat_ips": [],
            "project": "plasma-moment-484922-t5",
            "region": "us-central1",
            "router": "nat-router",
            "rules": [],
            "source_subnetwork_ip_ranges_to_nat": "ALL_SUBNETWORKS_ALL_IP_RANGES",
            "subnetwork": [],
            "tcp_established_idle_timeout_sec": 1200,
            "tcp_time_wait_timeout_sec": 120,
            "tcp_transitory_idle_timeout_sec": 30,
            "timeouts": null,
            "udp_idle_timeout_sec": 30
          },
          "sensitive_attributes": [],
          "private": "eyJlMmJmYjczMC1lY2FhLTExZTYtOGY4OC0zNDM2M2JjN2M0YzAiOnsiY3JlYXRlIjoxMjAwMDAwMDAwMDAwLCJkZWxldGUiOjEyMDAwMDAwMDAwMDAsInVwZGF0ZSI6MTIwMDAwMDAwMDAwMH19",
          "dependencies": [
            "google_compute_network.vpc",
            "google_compute_router.router"
          ]
        }
      ]
    },
    {
      "mode": "managed",
      "type": "google_compute_subnetwork",
      "name": "app",
      "provider": "provider[\"registry.terraform.io/hashicorp/google\"]",
      "instances": [
        {
          "schema_version": 0,
          "attributes": {
            "creation_timestamp": "2026-01-20T21:31:43.451-08:00",
            "description": "",
            "external_ipv6_prefix": "",
            "fingerprint": null,
            "gateway_address": "10.10.10.1",
            "id": "projects/plasma-moment-484922-t5/regions/us-central1/subnetworks/private-app-subnet",
            "internal_ipv6_prefix": "",
            "ip_cidr_range": "10.10.10.0/24",
            "ipv6_access_type": "",
            "ipv6_cidr_range": "",
            "log_config": [],
            "name": "private-app-subnet",
            "network": "https://www.googleapis.com/compute/v1/projects/plasma-moment-484922-t5/global/networks/prod-vpc",
            "private_ip_google_access": true,
            "private_ipv6_google_access": "DISABLE_GOOGLE_ACCESS",
            "project": "plasma-moment-484922-t5",
            "purpose": "PRIVATE",
            "region": "us-central1",
            "role": "",
            "secondary_ip_range": [],
            "self_link": "https://www.googleapis.com/compute/v1/projects/plasma-moment-484922-t5/regions/us-central1/subnetworks/private-app-subnet",
            "send_secondary_ip_range_if_empty": null,
            "stack_type": "IPV4_ONLY",
            "timeouts": null
          },
          "sensitive_attributes": [],
          "private": "eyJlMmJmYjczMC1lY2FhLTExZTYtOGY4OC0zNDM2M2JjN2M0YzAiOnsiY3JlYXRlIjoxMjAwMDAwMDAwMDAwLCJkZWxldGUiOjEyMDAwMDAwMDAwMDAsInVwZGF0ZSI6MTIwMDAwMDAwMDAwMH19",
          "dependencies": [
            "google_compute_network.vpc"
          ]
        }
      ]
    },
    {
      "mode": "managed",
      "type": "google_compute_subnetwork",
      "name": "data",
      "provider": "provider[\"registry.terraform.io/hashicorp/google\"]",
      "instances": [
        {
          "schema_version": 0,
          "attributes": {
            "creation_timestamp": "2026-01-20T21:31:42.474-08:00",
            "description": "",
            "external_ipv6_prefix": "",
            "fingerprint": null,
            "gateway_address": "10.10.20.1",
            "id": "projects/plasma-moment-484922-t5/regions/us-central1/subnetworks/private-data-subnet",
            "internal_ipv6_prefix": "",
            "ip_cidr_range": "10.10.20.0/24",
            "ipv6_access_type": "",
            "ipv6_cidr_range": "",
            "log_config": [],
            "name": "private-data-subnet",
            "network": "https://www.googleapis.com/compute/v1/projects/plasma-moment-484922-t5/global/networks/prod-vpc",
            "private_ip_google_access": true,
            "private_ipv6_google_access": "DISABLE_GOOGLE_ACCESS",
            "project": "plasma-moment-484922-t5",
            "purpose": "PRIVATE",
            "region": "us-central1",
            "role": "",
            "secondary_ip_range": [],
            "self_link": "https://www.googleapis.com/compute/v1/projects/plasma-moment-484922-t5/regions/us-central1/subnetworks/private-data-subnet",
            "send_secondary_ip_range_if_empty": null,
            "stack_type": "IPV4_ONLY",
            "timeouts": null
          },
          "sensitive_attributes": [],
          "private": "eyJlMmJmYjczMC1lY2FhLTExZTYtOGY4OC0zNDM2M2JjN2M0YzAiOnsiY3JlYXRlIjoxMjAwMDAwMDAwMDAwLCJkZWxldGUiOjEyMDAwMDAwMDAwMDAsInVwZGF0ZSI6MTIwMDAwMDAwMDAwMH19",
          "dependencies": [
            "google_compute_network.vpc"
          ]
        }
      ]
    },
    {
      "mode": "managed",
      "type": "google_compute_subnetwork",
      "name": "public",
      "provider": "provider[\"registry.terraform.io/hashicorp/google\"]",
      "instances": [
        {
          "schema_version": 0,
          "attributes": {
            "creation_timestamp": "2026-01-20T21:31:42.535-08:00",
            "description": "",
            "external_ipv6_prefix": "",
            "fingerprint": null,
            "gateway_address": "10.10.0.1",
            "id": "projects/plasma-moment-484922-t5/regions/us-central1/subnetworks/public-subnet",
            "internal_ipv6_prefix": "",
            "ip_cidr_range": "10.10.0.0/24",
            "ipv6_access_type": "",
            "ipv6_cidr_range": "",
            "log_config": [],
            "name": "public-subnet",
            "network": "https://www.googleapis.com/compute/v1/projects/plasma-moment-484922-t5/global/networks/prod-vpc",
            "private_ip_google_access": false,
            "private_ipv6_google_access": "DISABLE_GOOGLE_ACCESS",
            "project": "plasma-moment-484922-t5",
            "purpose": "PRIVATE",
            "region": "us-central1",
            "role": "",
            "secondary_ip_range": [],
            "self_link": "https://www.googleapis.com/compute/v1/projects/plasma-moment-484922-t5/regions/us-central1/subnetworks/public-subnet",
            "send_secondary_ip_range_if_empty": null,
            "stack_type": "IPV4_ONLY",
            "timeouts": null
          },
          "sensitive_attributes": [],
          "private": "eyJlMmJmYjczMC1lY2FhLTExZTYtOGY4OC0zNDM2M2JjN2M0YzAiOnsiY3JlYXRlIjoxMjAwMDAwMDAwMDAwLCJkZWxldGUiOjEyMDAwMDAwMDAwMDAsInVwZGF0ZSI6MTIwMDAwMDAwMDAwMH19",
          "dependencies": [
            "google_compute_network.vpc"
          ]
        }
      ]
    },
    {
      "mode": "managed",
      "type": "google_compute_target_https_proxy",
      "name": "lb_https_proxy",
      "provider": "provider[\"registry.terraform.io/hashicorp/google\"]",
      "instances": [
        {
          "schema_version": 0,
          "attributes": {
            "certificate_manager_certificates": null,
            "certificate_map": "",
            "creation_timestamp": "2026-01-22T19:01:28.439-08:00",
            "description": "",
            "http_keep_alive_timeout_sec": 0,
            "id": "projects/plasma-moment-484922-t5/global/targetHttpsProxies/gcp3-https-lb-https-proxy",
            "name": "gcp3-https-lb-https-proxy",
            "project": "plasma-moment-484922-t5",
            "proxy_bind": false,
            "proxy_id": 3187886693392800359,
            "quic_override": "NONE",
            "self_link": "https://www.googleapis.com/compute/v1/projects/plasma-moment-484922-t5/global/targetHttpsProxies/gcp3-https-lb-https-proxy",
            "server_tls_policy": "",
            "ssl_certificates": [
              "https://www.googleapis.com/compute/v1/projects/plasma-moment-484922-t5/global/sslCertificates/gcp3-https-lb-cert"
            ],
            "ssl_policy": "",
            "timeouts": null,
            "tls_early_data": "DISABLED",
            "url_map": "https://www.googleapis.com/compute/v1/projects/plasma-moment-484922-t5/global/urlMaps/gcp3-https-lb-url-map"
          },
          "sensitive_attributes": [],
          "private": "eyJlMmJmYjczMC1lY2FhLTExZTYtOGY4OC0zNDM2M2JjN2M0YzAiOnsiY3JlYXRlIjoxMjAwMDAwMDAwMDAwLCJkZWxldGUiOjEyMDAwMDAwMDAwMDAsInVwZGF0ZSI6MTIwMDAwMDAwMDAwMH19",
          "dependencies": [
            "google_cloud_run_service.web",
            "google_compute_backend_service.lb_backend",
            "google_compute_managed_ssl_certificate.lb_cert",
            "google_compute_region_network_endpoint_group.cloudrun_neg",
            "google_compute_url_map.lb_url_map"
          ]
        }
      ]
    },
    {
      "mode": "managed",
      "type": "google_compute_url_map",
      "name": "lb_url_map",
      "provider": "provider[\"registry.terraform.io/hashicorp/google\"]",
      "instances": [
        {
          "schema_version": 0,
          "attributes": {
            "creation_timestamp": "2026-01-22T19:01:17.236-08:00",
            "default_route_action": [],
            "default_service": "https://www.googleapis.com/compute/v1/projects/plasma-moment-484922-t5/global/backendServices/gcp3-https-lb-backend",
            "default_url_redirect": [],
            "description": "",
            "fingerprint": "zRJgqYGAJ2Y=",
            "header_action": [],
            "host_rule": [],
            "id": "projects/plasma-moment-484922-t5/global/urlMaps/gcp3-https-lb-url-map",
            "map_id": 7951170329926130324,
            "name": "gcp3-https-lb-url-map",
            "path_matcher": [],
            "project": "plasma-moment-484922-t5",
            "self_link": "https://www.googleapis.com/compute/v1/projects/plasma-moment-484922-t5/global/urlMaps/gcp3-https-lb-url-map",
            "test": [],
            "timeouts": null
          },
          "sensitive_attributes": [],
          "private": "eyJlMmJmYjczMC1lY2FhLTExZTYtOGY4OC0zNDM2M2JjN2M0YzAiOnsiY3JlYXRlIjoxMjAwMDAwMDAwMDAwLCJkZWxldGUiOjEyMDAwMDAwMDAwMDAsInVwZGF0ZSI6MTIwMDAwMDAwMDAwMH19",
          "dependencies": [
            "google_cloud_run_service.web",
            "google_compute_backend_service.lb_backend",
            "google_compute_region_network_endpoint_group.cloudrun_neg"
          ]
        }
      ]
    },
    {
      "mode": "managed",
      "type": "google_dns_managed_zone",
      "name": "zone",
      "provider": "provider[\"registry.terraform.io/hashicorp/google\"]",
      "instances": [
        {
          "schema_version": 0,
          "attributes": {
            "cloud_logging_config": [
              {
                "enable_logging": false
              }
            ],
            "creation_time": "2026-01-21T05:31:31.295Z",
            "description": "Managed by Terraform",
            "dns_name": "spice505.com.",
            "dnssec_config": [],
            "effective_labels": {},
            "force_destroy": false,
            "forwarding_config": [],
            "id": "projects/plasma-moment-484922-t5/managedZones/public-zone",
            "labels": {},
            "managed_zone_id": 3428366280752292434,
            "name": "public-zone",
            "name_servers": [
              "ns-cloud-e1.googledomains.com.",
              "ns-cloud-e2.googledomains.com.",
              "ns-cloud-e3.googledomains.com.",
              "ns-cloud-e4.googledomains.com."
            ],
            "peering_config": [],
            "private_visibility_config": [],
            "project": "plasma-moment-484922-t5",
            "terraform_labels": {},
            "timeouts": null,
            "visibility": "public"
          },
          "sensitive_attributes": [],
          "private": "eyJlMmJmYjczMC1lY2FhLTExZTYtOGY4OC0zNDM2M2JjN2M0YzAiOnsiY3JlYXRlIjoxMjAwMDAwMDAwMDAwLCJkZWxldGUiOjEyMDAwMDAwMDAwMDAsInVwZGF0ZSI6MTIwMDAwMDAwMDAwMH19"
        }
      ]
    },
    {
      "mode": "managed",
      "type": "google_dns_record_set",
      "name": "app",
      "provider": "provider[\"registry.terraform.io/hashicorp/google\"]",
      "instances": [
        {
          "schema_version": 0,
          "attributes": {
            "id": "projects/plasma-moment-484922-t5/managedZones/public-zone/rrsets/app.spice505.com./A",
            "managed_zone": "public-zone",
            "name": "app.spice505.com.",
            "project": "plasma-moment-484922-t5",
            "routing_policy": [],
            "rrdatas": [
              "34.8.171.155"
            ],
            "ttl": 300,
            "type": "A"
          },
          "sensitive_attributes": [],
          "private": "bnVsbA==",
          "dependencies": [
            "google_compute_global_address.lb_ip",
            "google_dns_managed_zone.zone"
          ]
        }
      ]
    },
    {
      "mode": "managed",
      "type": "google_project_iam_member",
      "name": "app_sql",
      "provider": "provider[\"registry.terraform.io/hashicorp/google\"]",
      "instances": [
        {
          "schema_version": 0,
          "attributes": {
            "condition": [],
            "etag": "BwZJAsbS7+g=",
            "id": "plasma-moment-484922-t5/roles/cloudsql.client/serviceAccount:app-sa@plasma-moment-484922-t5.iam.gserviceaccount.com",
            "member": "serviceAccount:app-sa@plasma-moment-484922-t5.iam.gserviceaccount.com",
            "project": "plasma-moment-484922-t5",
            "role": "roles/cloudsql.client"
          },
          "sensitive_attributes": [],
          "private": "bnVsbA==",
          "dependencies": [
            "google_service_account.app"
          ]
        }
      ]
    },
    {
      "mode": "managed",
      "type": "google_service_account",
      "name": "app",
      "provider": "provider[\"registry.terraform.io/hashicorp/google\"]",
      "instances": [
        {
          "schema_version": 0,
          "attributes": {
            "account_id": "app-sa",
            "create_ignore_already_exists": null,
            "description": "",
            "disabled": false,
            "display_name": "",
            "email": "app-sa@plasma-moment-484922-t5.iam.gserviceaccount.com",
            "id": "projects/plasma-moment-484922-t5/serviceAccounts/app-sa@plasma-moment-484922-t5.iam.gserviceaccount.com",
            "member": "serviceAccount:app-sa@plasma-moment-484922-t5.iam.gserviceaccount.com",
            "name": "projects/plasma-moment-484922-t5/serviceAccounts/app-sa@plasma-moment-484922-t5.iam.gserviceaccount.com",
            "project": "plasma-moment-484922-t5",
            "timeouts": null,
            "unique_id": "107617454181075860129"
          },
          "sensitive_attributes": [],
          "private": "eyJlMmJmYjczMC1lY2FhLTExZTYtOGY4OC0zNDM2M2JjN2M0YzAiOnsiY3JlYXRlIjozMDAwMDAwMDAwMDB9fQ=="
        }
      ]
    },
    {
      "mode": "managed",
      "type": "google_service_account",
      "name": "web",
      "provider": "provider[\"registry.terraform.io/hashicorp/google\"]",
      "instances": [
        {
          "schema_version": 0,
          "attributes": {
            "account_id": "web-sa",
            "create_ignore_already_exists": null,
            "description": "",
            "disabled": false,
            "display_name": "",
            "email": "web-sa@plasma-moment-484922-t5.iam.gserviceaccount.com",
            "id": "projects/plasma-moment-484922-t5/serviceAccounts/web-sa@plasma-moment-484922-t5.iam.gserviceaccount.com",
            "member": "serviceAccount:web-sa@plasma-moment-484922-t5.iam.gserviceaccount.com",
            "name": "projects/plasma-moment-484922-t5/serviceAccounts/web-sa@plasma-moment-484922-t5.iam.gserviceaccount.com",
            "project": "plasma-moment-484922-t5",
            "timeouts": null,
            "unique_id": "101214324559298295333"
          },
          "sensitive_attributes": [],
          "private": "eyJlMmJmYjczMC1lY2FhLTExZTYtOGY4OC0zNDM2M2JjN2M0YzAiOnsiY3JlYXRlIjozMDAwMDAwMDAwMDB9fQ=="
        }
      ]
    },
    {
      "mode": "managed",
      "type": "google_service_networking_connection",
      "name": "private_vpc_connection",
      "provider": "provider[\"registry.terraform.io/hashicorp/google\"]",
      "instances": [
        {
          "schema_version": 0,
          "attributes": {
            "deletion_policy": null,
            "id": "projects%2Fplasma-moment-484922-t5%2Fglobal%2Fnetworks%2Fprod-vpc:servicenetworking.googleapis.com",
            "network": "projects/plasma-moment-484922-t5/global/networks/prod-vpc",
            "peering": "servicenetworking-googleapis-com",
            "reserved_peering_ranges": [
              "private-service-range"
            ],
            "service": "servicenetworking.googleapis.com",
            "timeouts": null,
            "update_on_creation_fail": null
          },
          "sensitive_attributes": [],
          "private": "eyJlMmJmYjczMC1lY2FhLTExZTYtOGY4OC0zNDM2M2JjN2M0YzAiOnsiY3JlYXRlIjo2MDAwMDAwMDAwMDAsImRlbGV0ZSI6NjAwMDAwMDAwMDAwLCJ1cGRhdGUiOjYwMDAwMDAwMDAwMH19",
          "dependencies": [
            "google_compute_global_address.private_service_range",
            "google_compute_network.vpc"
          ]
        }
      ]
    },
    {
      "mode": "managed",
      "type": "google_sql_database_instance",
      "name": "db",
      "provider": "provider[\"registry.terraform.io/hashicorp/google\"]",
      "instances": [
        {
          "schema_version": 0,
          "attributes": {
            "available_maintenance_versions": [],
            "clone": [],
            "connection_name": "plasma-moment-484922-t5:us-central1:app-db",
            "database_version": "MYSQL_8_0",
            "deletion_protection": true,
            "dns_name": "",
            "encryption_key_name": null,
            "first_ip_address": "10.62.0.3",
            "id": "app-db",
            "instance_type": "CLOUD_SQL_INSTANCE",
            "ip_address": [
              {
                "ip_address": "10.62.0.3",
                "time_to_retire": "",
                "type": "PRIVATE"
              }
            ],
            "maintenance_version": "MYSQL_8_0_43.R20251004.01_24",
            "master_instance_name": "",
            "name": "app-db",
            "private_ip_address": "10.62.0.3",
            "project": "plasma-moment-484922-t5",
            "psc_service_attachment_link": "",
            "public_ip_address": "",
            "region": "us-central1",
            "replica_configuration": [],
            "restore_backup_context": [],
            "root_password": null,
            "self_link": "https://sqladmin.googleapis.com/sql/v1beta4/projects/plasma-moment-484922-t5/instances/app-db",
            "server_ca_cert": [
              {
                "cert": "-----BEGIN CERTIFICATE-----\nMIIDfzCCAmegAwIBAgIBADANBgkqhkiG9w0BAQsFADB3MS0wKwYDVQQuEyQyN2Rl\nMjlhZS1iNzg2LTQxY2UtOWIzOS0wYTQ2ZGFhMmMxM2MxIzAhBgNVBAMTGkdvb2ds\nZSBDbG91ZCBTUUwgU2VydmVyIENBMRQwEgYDVQQKEwtHb29nbGUsIEluYzELMAkG\nA1UEBhMCVVMwHhcNMjYwMTIzMDExMDM1WhcNMzYwMTIxMDExMTM1WjB3MS0wKwYD\nVQQuEyQyN2RlMjlhZS1iNzg2LTQxY2UtOWIzOS0wYTQ2ZGFhMmMxM2MxIzAhBgNV\nBAMTGkdvb2dsZSBDbG91ZCBTUUwgU2VydmVyIENBMRQwEgYDVQQKEwtHb29nbGUs\nIEluYzELMAkGA1UEBhMCVVMwggEiMA0GCSqGSIb3DQEBAQUAA4IBDwAwggEKAoIB\nAQCnWZ/TQcESzU2RPqiBqwJrUUhRXvHmIzqC02Tm96tzFwcDCSo+chHHrFw/9z8v\n1DT8v1hTS5WIE8nrbt59+8zfH9pBKtf/n3omqvYzaekSB3mSOO4EXHEXld6W5uWL\nwjjmQK7ri8UDl3sim/XAVqDL16gF0+H2pr7p13CfFjbH883mq3FUxHQrphhkERpD\nlg4RBLl39X/5Zy/fCYOO7LkLNm64Il0BoA9L61QAJ2yaFRernWqigQ4qbpf6mnlg\nmXSo6J/pDTa8/H6wpPFytGaZLoioPiv21UgbvrKMSj3y0B5vzL3+FbHtrEOyUo5F\nXv5WWAlyU26B5C2Tg5O+fK+BAgMBAAGjFjAUMBIGA1UdEwEB/wQIMAYBAf8CAQAw\nDQYJKoZIhvcNAQELBQADggEBADvgsvV1EYegQPtlLPs4vNLc4/SBYOd0J65qxWvA\nxZKdn8fVvIr6SvHR+pdPc7Wfhoc7n5EtNy7HLTF/3rnwTaZ0cjn2eC9AHn6nE0V9\nxbiQ8r54bSJtqM6yEXcULIdEj3TjX1DwrpsEnxXGM1Xo1k7LOZ4G1GamRR2I51wm\naKiSsFXzERj1Rp3A389rtV08YNBe6o9sXW2+JWBHH/q3LVQaBrZhxVaJybnAJgcv\nEj3odAoVw5LFTQkK7PUprI2qzfXYQSzEkp+ijvNnLnOBNQMS4wCUCG+zLuY4/FIu\n4VSoYWAbtmmiZxLUNaNqrYzHvwGOmAnc0PBmH61x7i8bJ0E=\n-----END CERTIFICATE-----",
                "common_name": "C=US,O=Google\\, Inc,CN=Google Cloud SQL Server CA,dnQualifier=27de29ae-b786-41ce-9b39-0a46daa2c13c",
                "create_time": "2026-01-23T01:10:35.074Z",
                "expiration_time": "2036-01-21T01:11:35.074Z",
                "sha1_fingerprint": "fe1bcb762aa69a00bbc1d3ea6b098c47294a7cc9"
              }
            ],
            "service_account_email_address": "p1051185513493-bi0b9k@gcp-sa-cloud-sql.iam.gserviceaccount.com",
            "settings": [
              {
                "activation_policy": "ALWAYS",
                "active_directory_config": [],
                "advanced_machine_features": [],
                "availability_type": "ZONAL",
                "backup_configuration": [
                  {
                    "backup_retention_settings": [
                      {
                        "retained_backups": 7,
                        "retention_unit": "COUNT"
                      }
                    ],
                    "binary_log_enabled": false,
                    "enabled": false,
                    "location": "",
                    "point_in_time_recovery_enabled": false,
                    "start_time": "21:00",
                    "transaction_log_retention_days": 7
                  }
                ],
                "collation": "",
                "connector_enforcement": "NOT_REQUIRED",
                "data_cache_config": [],
                "database_flags": [],
                "deletion_protection_enabled": false,
                "deny_maintenance_period": [],
                "disk_autoresize": true,
                "disk_autoresize_limit": 0,
                "disk_size": 10,
                "disk_type": "PD_SSD",
                "edition": "ENTERPRISE",
                "enable_dataplex_integration": false,
                "enable_google_ml_integration": false,
                "insights_config": [],
                "ip_configuration": [
                  {
                    "allocated_ip_range": "",
                    "authorized_networks": [],
                    "enable_private_path_for_google_cloud_services": false,
                    "ipv4_enabled": false,
                    "private_network": "projects/plasma-moment-484922-t5/global/networks/prod-vpc",
                    "psc_config": [],
                    "require_ssl": false,
                    "server_ca_mode": "GOOGLE_MANAGED_INTERNAL_CA",
                    "ssl_mode": ""
                  }
                ],
                "location_preference": [
                  {
                    "follow_gae_application": "",
                    "secondary_zone": "",
                    "zone": "us-central1-a"
                  }
                ],
                "maintenance_window": [],
                "password_validation_policy": [],
                "pricing_plan": "PER_USE",
                "sql_server_audit_config": [],
                "tier": "db-f1-micro",
                "time_zone": "",
                "user_labels": {},
                "version": 1
              }
            ],
            "timeouts": null
          },
          "sensitive_attributes": [],
          "private": "eyJlMmJmYjczMC1lY2FhLTExZTYtOGY4OC0zNDM2M2JjN2M0YzAiOnsiY3JlYXRlIjo1NDAwMDAwMDAwMDAwLCJkZWxldGUiOjU0MDAwMDAwMDAwMDAsInVwZGF0ZSI6NTQwMDAwMDAwMDAwMH19",
          "dependencies": [
            "google_compute_global_address.private_service_range",
            "google_compute_network.vpc",
            "google_service_networking_connection.private_vpc_connection"
          ]
        }
      ]
    },
    {
      "mode": "managed",
      "type": "google_storage_bucket",
      "name": "ingestion",
      "provider": "provider[\"registry.terraform.io/hashicorp/google\"]",
      "instances": [
        {
          "schema_version": 2,
          "attributes": {
            "autoclass": [],
            "cors": [],
            "custom_placement_config": [],
            "default_event_based_hold": false,
            "effective_labels": {},
            "enable_object_retention": false,
            "encryption": [],
            "force_destroy": false,
            "id": "plasma-moment-484922-t5-ingestion",
            "labels": {},
            "lifecycle_rule": [],
            "location": "US",
            "logging": [],
            "name": "plasma-moment-484922-t5-ingestion",
            "project": "plasma-moment-484922-t5",
            "project_number": 1051185513493,
            "public_access_prevention": "inherited",
            "requester_pays": false,
            "retention_policy": [],
            "rpo": "DEFAULT",
            "self_link": "https://www.googleapis.com/storage/v1/b/plasma-moment-484922-t5-ingestion",
            "soft_delete_policy": [
              {
                "effective_time": "2026-01-21T05:24:59.763Z",
                "retention_duration_seconds": 604800
              }
            ],
            "storage_class": "STANDARD",
            "terraform_labels": {},
            "timeouts": null,
            "uniform_bucket_level_access": true,
            "url": "gs://plasma-moment-484922-t5-ingestion",
            "versioning": [],
            "website": []
          },
          "sensitive_attributes": [],
          "private": "eyJlMmJmYjczMC1lY2FhLTExZTYtOGY4OC0zNDM2M2JjN2M0YzAiOnsiY3JlYXRlIjo2MDAwMDAwMDAwMDAsInJlYWQiOjI0MDAwMDAwMDAwMCwidXBkYXRlIjoyNDAwMDAwMDAwMDB9LCJzY2hlbWFfdmVyc2lvbiI6IjIifQ=="
        }
      ]
    },
    {
      "mode": "managed",
      "type": "google_storage_bucket",
      "name": "static",
      "provider": "provider[\"registry.terraform.io/hashicorp/google\"]",
      "instances": [
        {
          "schema_version": 2,
          "attributes": {
            "autoclass": [],
            "cors": [],
            "custom_placement_config": [],
            "default_event_based_hold": false,
            "effective_labels": {},
            "enable_object_retention": false,
            "encryption": [],
            "force_destroy": false,
            "id": "plasma-moment-484922-t5-static",
            "labels": {},
            "lifecycle_rule": [],
            "location": "US",
            "logging": [],
            "name": "plasma-moment-484922-t5-static",
            "project": "plasma-moment-484922-t5",
            "project_number": 1051185513493,
            "public_access_prevention": "inherited",
            "requester_pays": false,
            "retention_policy": [],
            "rpo": "DEFAULT",
            "self_link": "https://www.googleapis.com/storage/v1/b/plasma-moment-484922-t5-static",
            "soft_delete_policy": [
              {
                "effective_time": "2026-01-21T05:25:00.084Z",
                "retention_duration_seconds": 604800
              }
            ],
            "storage_class": "STANDARD",
            "terraform_labels": {},
            "timeouts": null,
            "uniform_bucket_level_access": true,
            "url": "gs://plasma-moment-484922-t5-static",
            "versioning": [],
            "website": []
          },
          "sensitive_attributes": [],
          "private": "eyJlMmJmYjczMC1lY2FhLTExZTYtOGY4OC0zNDM2M2JjN2M0YzAiOnsiY3JlYXRlIjo2MDAwMDAwMDAwMDAsInJlYWQiOjI0MDAwMDAwMDAwMCwidXBkYXRlIjoyNDAwMDAwMDAwMDB9LCJzY2hlbWFfdmVyc2lvbiI6IjIifQ=="
        }
      ]
    },
    {
      "mode": "managed",
      "type": "google_vpc_access_connector",
      "name": "connector",
      "provider": "provider[\"registry.terraform.io/hashicorp/google\"]",
      "instances": [
        {
          "schema_version": 0,
          "attributes": {
            "connected_projects": [
              "plasma-moment-484922-t5"
            ],
            "id": "projects/plasma-moment-484922-t5/locations/us-central1/connectors/cr-connector",
            "ip_cidr_range": "10.8.0.0/28",
            "machine_type": "e2-micro",
            "max_instances": 3,
            "max_throughput": 300,
            "min_instances": 2,
            "min_throughput": 200,
            "name": "cr-connector",
            "network": "prod-vpc",
            "project": "plasma-moment-484922-t5",
            "region": "us-central1",
            "self_link": "projects/plasma-moment-484922-t5/locations/us-central1/connectors/cr-connector",
            "state": "READY",
            "subnet": [],
            "timeouts": null
          },
          "sensitive_attributes": [],
          "private": "eyJlMmJmYjczMC1lY2FhLTExZTYtOGY4OC0zNDM2M2JjN2M0YzAiOnsiY3JlYXRlIjoxMjAwMDAwMDAwMDAwLCJkZWxldGUiOjEyMDAwMDAwMDAwMDB9fQ==",
          "dependencies": [
            "google_compute_network.vpc"
          ]
        }
      ]
    }
  ],
  "check_results": null
}
